# THIS IS AN AUTOGENERATED FILE. DO NOT EDIT THIS FILE DIRECTLY.
# yarn lockfile v1


casdoor-js-sdk@^0.2.7:
  version "0.2.7"
  resolved "https://registry.yarnpkg.com/casdoor-js-sdk/-/casdoor-js-sdk-0.2.7.tgz#09342f6715977bc1991222d04dd36c93b5f0872b"
  integrity sha512-pEI7chd6KWDa7dhBxl3zDY+LagG40bBPoxdPMOZ5OG2gFMTXwRQ4Ka1do0giJsd2YTeAU3u6vwP62YmiQVzgSQ==
